
Microsoft Visual Studio Solution File, Format Version 12.00
# Visual Studio Version 17
VisualStudioVersion = 17.5.33530.505
MinimumVisualStudioVersion = 10.0.40219.1
Project("{FAE04EC0-301F-11D3-BF4B-00C04F79EFBC}") = "Parti_Secim_Anketi", "Parti_Secim_Anketi.csproj", "{852A7F92-8C7D-4272-BEAD-AC914411723C}"
EndProject
Global
	GlobalSection(SolutionConfigurationPlatforms) = preSolution
		Debug|Any CPU = Debug|Any CPU
		Release|Any CPU = Release|Any CPU
	EndGlobalSection
	GlobalSection(ProjectConfigurationPlatforms) = postSolution
		{852A7F92-8C7D-4272-BEAD-AC914411723C}.Debug|Any CPU.ActiveCfg = Debug|Any CPU
		{852A7F92-8C7D-4272-BEAD-AC914411723C}.Debug|Any CPU.Build.0 = Debug|Any CPU
		{852A7F92-8C7D-4272-BEAD-AC914411723C}.Release|Any CPU.ActiveCfg = Release|Any CPU
		{852A7F92-8C7D-4272-BEAD-AC914411723C}.Release|Any CPU.Build.0 = Release|Any CPU
	EndGlobalSection
	GlobalSection(SolutionProperties) = preSolution
		HideSolutionNode = FALSE
	EndGlobalSection
	GlobalSection(ExtensibilityGlobals) = postSolution
		SolutionGuid = {3D9CB19F-758C-4791-8FAE-2F2A05987FEB}
	EndGlobalSection
EndGlobal
